<?xml version="1.0" encoding="utf-8"?>
<Project ToolsVersion="12.0" xmlns="http://schemas.microsoft.com/developer/msbuild/2003">
  <ItemGroup>
    <ClCompile Include="prx.cpp" />
    <ClCompile Include="stdafx.cpp" />
    <ClCompile Include="hook_functions\hook_functions.cpp" />
    <ClCompile Include="hook_functions\burst_system\general_Burst_Damage_Check_hook.cpp" />
    <ClCompile Include="hook_functions\registers.cpp" />
    <ClCompile Include="hook_functions\burst_system\burst_Increment_Check_hook.cpp" />
    <ClCompile Include="hook_functions\burst_system\get_non_Full_Burst_Boost_Increase_Percentage_hook.cpp" />
    <ClCompile Include="hook_functions\burst_system\get_Full_Burst_Boost_Increase_Percentage_hook.cpp" />
    <ClCompile Include="hook_functions\burst_system\read_Burst_Damage_Multiplier_hook.cpp" />
    <ClCompile Include="hook_functions\projectile_system\unit_projectiles\Bael.cpp" />
    <ClCompile Include="hook_functions\projectile_system\projectile_system.cpp" />
    <ClCompile Include="hook_functions\projectile_system\unit_projectiles\Reborns.cpp" />
    <ClCompile Include="hook_functions\projectile_system\script_pointers.cpp" />
    <ClCompile Include="hook_functions\ammo_system\ammoEnumReadInject.cpp" />
    <ClCompile Include="hook_functions\unit_initializations.cpp" />
    <ClCompile Include="ida_macros.cpp" />
    <ClCompile Include="hook_functions\unit_initializations\unit_initializations_func_scripts.cpp" />
    <ClCompile Include="hook_functions\unit_initializations\unit_specific_functions\Double_X.cpp" />
    <ClCompile Include="hook_functions\projectile_system\unit_projectiles\Infinite_Justice.cpp" />
    <ClCompile Include="hook_functions\projectile_system\unit_projectiles\Hyaku_Shiki.cpp" />
    <ClCompile Include="hook_functions\projectile_system\unit_projectiles\Exia.cpp" />
    <ClCompile Include="hook_functions\projectile_system\unit_projectiles\Bound_Doc.cpp" />
    <ClCompile Include="unit_list\new_units\Akatsuki.cpp" />
    <ClCompile Include="unit_list\new_units\Astray_Red_Frame_Custom.cpp" />
    <ClCompile Include="unit_list\new_units\Atlas_Gundam.cpp" />
    <ClCompile Include="unit_list\new_units\Bael_Gundam_.cpp" />
    <ClCompile Include="unit_list\new_units\Baund_Doc.cpp" />
    <ClCompile Include="unit_list\new_units\Brave_Commander_Test_Type.cpp" />
    <ClCompile Include="unit_list\new_units\Build_Strike_Gundam_Full_Package.cpp" />
    <ClCompile Include="unit_list\new_units\Buster_Gundam.cpp" />
    <ClCompile Include="unit_list\new_units\Destiny_Gundam_Boss.cpp" />
    <ClCompile Include="unit_list\new_units\Destiny_Gundam_Heine.cpp" />
    <ClCompile Include="unit_list\new_units\Dreadnought_Gundam.cpp" />
    <ClCompile Include="unit_list\new_units\Extreme_Gundam_Dystopia_Phase.cpp" />
    <ClCompile Include="unit_list\new_units\Extreme_Gundam_Excellia.cpp" />
    <ClCompile Include="unit_list\new_units\Extreme_Gundam_Mk_II_AXE.cpp" />
    <ClCompile Include="unit_list\new_units\Extreme_Gundam_type_Leos_II_Vs_.cpp" />
    <ClCompile Include="unit_list\new_units\Extreme_Gundam_type_Leos_II_Vs__Boss.cpp" />
    <ClCompile Include="unit_list\new_units\Farsia.cpp" />
    <ClCompile Include="unit_list\new_units\Full_Armor_Gundam_.cpp" />
    <ClCompile Include="unit_list\new_units\G_Arcane_Full_Dress.cpp" />
    <ClCompile Include="unit_list\new_units\G_Self.cpp" />
    <ClCompile Include="unit_list\new_units\G_Self_Perfect_Pack.cpp" />
    <ClCompile Include="unit_list\new_units\Gedlav.cpp" />
    <ClCompile Include="unit_list\new_units\GOUF_Ignited.cpp" />
    <ClCompile Include="unit_list\new_units\GP03_Gundam_Dendrobium.cpp" />
    <ClCompile Include="unit_list\new_units\Gundam_AGE_1.cpp" />
    <ClCompile Include="unit_list\new_units\Gundam_AGE_2.cpp" />
    <ClCompile Include="unit_list\new_units\Gundam_AGE_2_Dark_Hound.cpp" />
    <ClCompile Include="unit_list\new_units\Gundam_AGE_3.cpp" />
    <ClCompile Include="unit_list\new_units\Gundam_AGE_FX.cpp" />
    <ClCompile Include="unit_list\new_units\Gundam_Barbatos.cpp" />
    <ClCompile Include="unit_list\new_units\Gundam_Barbatos_Lupus.cpp" />
    <ClCompile Include="unit_list\new_units\Gundam_Barbatos_Lupus_Rex.cpp" />
    <ClCompile Include="unit_list\new_units\Gundam_Boss.cpp" />
    <ClCompile Include="unit_list\new_units\Gundam_Deathscythe_Hell_TV.cpp" />
    <ClCompile Include="unit_list\new_units\Gundam_Double_X_Boss.cpp" />
    <ClCompile Include="unit_list\new_units\Gundam_G_Mecha.cpp" />
    <ClCompile Include="unit_list\new_units\Gundam_Gusion_Rebake_Full_City.cpp" />
    <ClCompile Include="unit_list\new_units\Gundam_Heavyarms_Custom_TV.cpp" />
    <ClCompile Include="unit_list\new_units\Gundam_Kimaris_Trooper.cpp" />
    <ClCompile Include="unit_list\new_units\Gundam_Legilis.cpp" />
    <ClCompile Include="unit_list\new_units\Gundam_Zabanya.cpp" />
    <ClCompile Include="unit_list\new_units\Hot_Scramble_Gundam.cpp" />
    <ClCompile Include="unit_list\new_units\Hyperion_Gundam.cpp" />
    <ClCompile Include="unit_list\new_units\Infinite_Justice_Gundam_Boss.cpp" />
    <ClCompile Include="unit_list\new_units\Infinite_Justice_Gundam_Meteor.cpp" />
    <ClCompile Include="unit_list\new_units\Jagd_Doga.cpp" />
    <ClCompile Include="unit_list\new_units\Kampfer.cpp" />
    <ClCompile Include="unit_list\new_units\Legend_Gundam.cpp" />
    <ClCompile Include="unit_list\new_units\Mack_Knife.cpp" />
    <ClCompile Include="unit_list\new_units\Marasai_and_Gabthley.cpp" />
    <ClCompile Include="unit_list\new_units\Montero.cpp" />
    <ClCompile Include="unit_list\new_units\Nightingale.cpp" />
    <ClCompile Include="unit_list\new_units\Perfect_Strike_Gundam.cpp" />
    <ClCompile Include="unit_list\new_units\Phantom_Gundam.cpp" />
    <ClCompile Include="unit_list\new_units\Psycho_Zaku.cpp" />
    <ClCompile Include="unit_list\new_units\QANT_Full_Saber.cpp" />
    <ClCompile Include="unit_list\new_units\Qubeley_Mk_II_Puru.cpp" />
    <ClCompile Include="unit_list\new_units\Raider_Gundam.cpp" />
    <ClCompile Include="unit_list\new_units\Rephaser_Carnage.cpp" />
    <ClCompile Include="unit_list\new_units\Rephaser_Ignith.cpp" />
    <ClCompile Include="unit_list\new_units\Rephaser_Mystic.cpp" />
    <ClCompile Include="unit_list\new_units\Rephaser_Tachyon.cpp" />
    <ClCompile Include="unit_list\new_units\Rising_Gundam.cpp" />
    <ClCompile Include="unit_list\new_units\Shining_Gundam.cpp" />
    <ClCompile Include="unit_list\new_units\Strike_Freedom_Gundam_Boss.cpp" />
    <ClCompile Include="unit_list\new_units\Strike_Freedom_Gundam_Meteor.cpp" />
    <ClCompile Include="unit_list\new_units\Tieren_Taozi.cpp" />
    <ClCompile Include="unit_list\new_units\Turn_A_Gundam_Boss.cpp" />
    <ClCompile Include="unit_list\new_units\V2_Gundam_Boss.cpp" />
    <ClCompile Include="unit_list\new_units\Vagan_Gear_Sid.cpp" />
    <ClCompile Include="unit_list\new_units\Zaku_Amazing.cpp" />
    <ClCompile Include="unit_list\new_units\Zeta_Gundam_Boss.cpp" />
    <ClCompile Include="unit_list\new_units\Zeydra.cpp" />
    <ClCompile Include="unit_list\new_units\ZZ_Gundam.cpp" />
    <ClCompile Include="unit_list\unit_list_common.cpp" />
    <ClCompile Include="unit_list\unit_list_inject_hook.cpp" />
    <ClCompile Include="unit_list\unit_list_structs.cpp" />
    <ClCompile Include="hook_functions\bypass_BLJS10250_patch_size_limit_hack.cpp" />
    <ClCompile Include="hook_functions\projectile_system\unit_projectiles\Quanta_Full_Saber.cpp" />
    <ClCompile Include="hook_functions\projectile_system\unit_projectiles\Montero.cpp" />
    <ClCompile Include="hook_functions\new_type_script_sys_74_hook.cpp" />
    <ClCompile Include="hook_functions\projectile_system\unit_projectiles\Barbatos.cpp" />
    <ClCompile Include="hook_functions\projectile_system\unit_projectiles\Barbatos_Lupus.cpp" />
    <ClCompile Include="hook_functions\projectile_system\unit_projectiles\Barbatos_Lupus_Rex.cpp" />
    <ClCompile Include="hook_functions\projectile_system\unit_projectiles\Raider_Gundam.cpp" />
    <ClCompile Include="unit_list\custom_units\Wing_Gundam_Snow_White_Prelude.cpp" />
    <ClCompile Include="hook_functions\projectile_system\unit_projectiles\Tallgeese_III.cpp" />
    <ClCompile Include="hook_functions\projectile_system\unit_projectiles\Lacus_Infinite_Justice.cpp" />
    <ClCompile Include="unit_list\custom_units\Wing_Gundam_Zero_Rebellion.cpp" />
    <ClCompile Include="hook_functions\projectile_system\unit_projectiles\Nu_HWS.cpp" />
    <ClCompile Include="helpers\helpers.cpp" />
    <ClCompile Include="hook_functions\projectile_system\unit_projectiles\Perfect_Strike.cpp" />
    <ClCompile Include="hook_functions\projectile_system\unit_projectiles\Excellia.cpp" />
    <ClCompile Include="hook_functions\projectile_system\unit_projectiles\Dark_Hound.cpp" />
    <ClCompile Include="hook_functions\projectile_system\unit_projectiles\Heine_Destiny.cpp" />
    <ClCompile Include="hook_functions\projectile_system\unit_projectiles\test.cpp" />
    <ClCompile Include="hook_functions\projectile_system\unit_projectiles\Zabanya.cpp" />
    <ClCompile Include="hook_functions\projectile_system\unit_projectiles\age_fx.cpp" />
    <ClCompile Include="hook_functions\projectile_system\unit_projectiles\AKATSUKI.cpp" />
    <ClCompile Include="hook_functions\projectile_system\unit_projectiles\Age-1.cpp" />
    <ClCompile Include="hook_functions\projectile_system\unit_projectiles\Age-3.cpp" />
    <ClCompile Include="hook_functions\projectile_system\unit_projectiles\Astray_Red_Frame_Custom.cpp" />
    <ClCompile Include="hook_functions\projectile_system\unit_projectiles\Double_X.cpp" />
    <ClCompile Include="hook_functions\projectile_system\unit_projectiles\Full_Armor_Gundam.cpp" />
    <ClCompile Include="hook_functions\projectile_system\unit_projectiles\Gato_Gelgoog.cpp" />
    <ClCompile Include="hook_functions\projectile_system\unit_projectiles\Hyperion.cpp" />
    <ClCompile Include="hook_functions\projectile_system\unit_projectiles\Infinite_Justice_Lacus.cpp" />
    <ClCompile Include="hook_functions\projectile_system\unit_projectiles\Kampfer.cpp" />
    <ClCompile Include="hook_functions\projectile_system\unit_projectiles\Kimaris_Tropper.cpp" />
    <ClCompile Include="hook_functions\projectile_system\unit_projectiles\Leos_II_Vs.cpp" />
    <ClCompile Include="hook_functions\projectile_system\unit_projectiles\Marasai.cpp" />
    <ClCompile Include="hook_functions\projectile_system\unit_projectiles\Phantom.cpp" />
    <ClCompile Include="hook_functions\projectile_system\unit_projectiles\age-2.cpp" />
  </ItemGroup>
  <ItemGroup>
    <ClInclude Include="stdafx.h" />
    <ClInclude Include="Buttons.h" />
    <ClInclude Include="hook_functions\hook_functions.h" />
    <ClInclude Include="hook_functions\burst_system\general_Burst_Damage_Check_hook.h" />
    <ClInclude Include="hook_functions\registers.h" />
    <ClInclude Include="hook_functions\burst_system\burst_Increment_Check_hook.h" />
    <ClInclude Include="hook_functions\burst_system\get_non_Full_Burst_Boost_Increase_Percentage_hook.h" />
    <ClInclude Include="hook_functions\burst_system\get_Full_Burst_Boost_Increase_Percentage_hook.h" />
    <ClInclude Include="hook_functions\burst_system\read_Burst_Damage_Multiplier_hook.h" />
    <ClInclude Include="hook_functions\projectile_system\unit_projectiles\Bael.h" />
    <ClInclude Include="hook_functions\projectile_system\projectile_system.h" />
    <ClInclude Include="hook_functions\projectile_system\script_pointers.h" />
    <ClInclude Include="hook_functions\projectile_system\unit_projectiles\Reborns.h" />
    <ClInclude Include="hook_functions\ammo_system\ammoEnumReadInject.h" />
    <ClInclude Include="hook_functions\unit_initializations.h" />
    <ClInclude Include="ida_macros.h" />
    <ClInclude Include="hook_functions\unit_initializations\unit_initializations_func_scripts.h" />
    <ClInclude Include="hook_functions\unit_initializations\unit_specific_functions\Double_X.h" />
    <ClInclude Include="hook_functions\projectile_system\unit_projectiles\Infinite_Justice.h" />
    <ClInclude Include="hook_functions\projectile_system\unit_projectiles\Hyaku_Shiki.h" />
    <ClInclude Include="hook_functions\projectile_system\unit_projectiles\Exia.h" />
    <ClInclude Include="hook_functions\projectile_system\unit_projectiles\Bound_Doc.h" />
    <ClInclude Include="unit_list\new_units\Akatsuki.h" />
    <ClInclude Include="unit_list\new_units\Astray_Red_Frame_Custom.h" />
    <ClInclude Include="unit_list\new_units\Atlas_Gundam.h" />
    <ClInclude Include="unit_list\new_units\Bael_Gundam_.h" />
    <ClInclude Include="unit_list\new_units\Baund_Doc.h" />
    <ClInclude Include="unit_list\new_units\Brave_Commander_Test_Type.h" />
    <ClInclude Include="unit_list\new_units\Build_Strike_Gundam_Full_Package.h" />
    <ClInclude Include="unit_list\new_units\Buster_Gundam.h" />
    <ClInclude Include="unit_list\new_units\Destiny_Gundam_Boss.h" />
    <ClInclude Include="unit_list\new_units\Destiny_Gundam_Heine.h" />
    <ClInclude Include="unit_list\new_units\Dreadnought_Gundam.h" />
    <ClInclude Include="unit_list\new_units\Extreme_Gundam_Dystopia_Phase.h" />
    <ClInclude Include="unit_list\new_units\Extreme_Gundam_Excellia.h" />
    <ClInclude Include="unit_list\new_units\Extreme_Gundam_Mk_II_AXE.h" />
    <ClInclude Include="unit_list\new_units\Extreme_Gundam_type_Leos_II_Vs_.h" />
    <ClInclude Include="unit_list\new_units\Extreme_Gundam_type_Leos_II_Vs__Boss.h" />
    <ClInclude Include="unit_list\new_units\Farsia.h" />
    <ClInclude Include="unit_list\new_units\Full_Armor_Gundam_.h" />
    <ClInclude Include="unit_list\new_units\G_Arcane_Full_Dress.h" />
    <ClInclude Include="unit_list\new_units\G_Self.h" />
    <ClInclude Include="unit_list\new_units\G_Self_Perfect_Pack.h" />
    <ClInclude Include="unit_list\new_units\Gedlav.h" />
    <ClInclude Include="unit_list\new_units\GOUF_Ignited.h" />
    <ClInclude Include="unit_list\new_units\GP03_Gundam_Dendrobium.h" />
    <ClInclude Include="unit_list\new_units\Gundam_AGE_1.h" />
    <ClInclude Include="unit_list\new_units\Gundam_AGE_2.h" />
    <ClInclude Include="unit_list\new_units\Gundam_AGE_2_Dark_Hound.h" />
    <ClInclude Include="unit_list\new_units\Gundam_AGE_3.h" />
    <ClInclude Include="unit_list\new_units\Gundam_AGE_FX.h" />
    <ClInclude Include="unit_list\new_units\Gundam_Barbatos.h" />
    <ClInclude Include="unit_list\new_units\Gundam_Barbatos_Lupus.h" />
    <ClInclude Include="unit_list\new_units\Gundam_Barbatos_Lupus_Rex.h" />
    <ClInclude Include="unit_list\new_units\Gundam_Boss.h" />
    <ClInclude Include="unit_list\new_units\Gundam_Deathscythe_Hell_TV.h" />
    <ClInclude Include="unit_list\new_units\Gundam_Double_X_Boss.h" />
    <ClInclude Include="unit_list\new_units\Gundam_G_Mecha.h" />
    <ClInclude Include="unit_list\new_units\Gundam_Gusion_Rebake_Full_City.h" />
    <ClInclude Include="unit_list\new_units\Gundam_Heavyarms_Custom_TV.h" />
    <ClInclude Include="unit_list\new_units\Gundam_Kimaris_Trooper.h" />
    <ClInclude Include="unit_list\new_units\Gundam_Legilis.h" />
    <ClInclude Include="unit_list\new_units\Gundam_Zabanya.h" />
    <ClInclude Include="unit_list\new_units\Hot_Scramble_Gundam.h" />
    <ClInclude Include="unit_list\new_units\Hyperion_Gundam.h" />
    <ClInclude Include="unit_list\new_units\Infinite_Justice_Gundam_Boss.h" />
    <ClInclude Include="unit_list\new_units\Infinite_Justice_Gundam_Meteor.h" />
    <ClInclude Include="unit_list\new_units\Jagd_Doga.h" />
    <ClInclude Include="unit_list\new_units\Kampfer.h" />
    <ClInclude Include="unit_list\new_units\Legend_Gundam.h" />
    <ClInclude Include="unit_list\new_units\Mack_Knife.h" />
    <ClInclude Include="unit_list\new_units\Marasai_and_Gabthley.h" />
    <ClInclude Include="unit_list\new_units\Montero.h" />
    <ClInclude Include="unit_list\new_units\Nightingale.h" />
    <ClInclude Include="unit_list\new_units\Perfect_Strike_Gundam.h" />
    <ClInclude Include="unit_list\new_units\Phantom_Gundam.h" />
    <ClInclude Include="unit_list\new_units\Psycho_Zaku.h" />
    <ClInclude Include="unit_list\new_units\QANT_Full_Saber.h" />
    <ClInclude Include="unit_list\new_units\Qubeley_Mk_II_Puru.h" />
    <ClInclude Include="unit_list\new_units\Raider_Gundam.h" />
    <ClInclude Include="unit_list\new_units\Rephaser_Carnage.h" />
    <ClInclude Include="unit_list\new_units\Rephaser_Ignith.h" />
    <ClInclude Include="unit_list\new_units\Rephaser_Mystic.h" />
    <ClInclude Include="unit_list\new_units\Rephaser_Tachyon.h" />
    <ClInclude Include="unit_list\new_units\Rising_Gundam.h" />
    <ClInclude Include="unit_list\new_units\Shining_Gundam.h" />
    <ClInclude Include="unit_list\new_units\Strike_Freedom_Gundam_Boss.h" />
    <ClInclude Include="unit_list\new_units\Strike_Freedom_Gundam_Meteor.h" />
    <ClInclude Include="unit_list\new_units\Tieren_Taozi.h" />
    <ClInclude Include="unit_list\new_units\Turn_A_Gundam_Boss.h" />
    <ClInclude Include="unit_list\new_units\V2_Gundam_Boss.h" />
    <ClInclude Include="unit_list\new_units\Vagan_Gear_Sid.h" />
    <ClInclude Include="unit_list\new_units\Zaku_Amazing.h" />
    <ClInclude Include="unit_list\new_units\Zeta_Gundam_Boss.h" />
    <ClInclude Include="unit_list\new_units\Zeydra.h" />
    <ClInclude Include="unit_list\new_units\ZZ_Gundam.h" />
    <ClInclude Include="unit_list\unit_list_common.h" />
    <ClInclude Include="unit_list\unit_list_inject_hook.h" />
    <ClInclude Include="unit_list\unit_list_structs.h" />
    <ClInclude Include="hook_functions\bypass_BLJS10250_patch_size_limit_hack.h" />
    <ClInclude Include="hook_functions\projectile_system\unit_projectiles\Montero.h" />
    <ClInclude Include="hook_functions\projectile_system\unit_projectiles\Quanta_Full_Saber.h" />
    <ClInclude Include="hook_functions\new_type_script_sys_74_hook.h" />
    <ClInclude Include="hook_functions\projectile_system\unit_projectiles\Barbatos.h" />
    <ClInclude Include="hook_functions\projectile_system\unit_projectiles\Barbatos_Lupus.h" />
    <ClInclude Include="hook_functions\projectile_system\unit_projectiles\Barbatos_Lupus_Rex.h" />
    <ClInclude Include="hook_functions\projectile_system\unit_projectiles\Raider_Gundam.h" />
    <ClInclude Include="unit_list\custom_units\Wing_Gundam_Snow_White_Prelude.h" />
    <ClInclude Include="hook_functions\projectile_system\unit_projectiles\Tallgeese_III.h" />
    <ClInclude Include="hook_functions\projectile_system\unit_projectiles\Lacus_Infinite_Justice.h" />
    <ClInclude Include="unit_list\custom_units\Wing_Gundam_Zero_Rebellion.h" />
    <ClInclude Include="hook_functions\projectile_system\unit_projectiles\Nu_HWS.h" />
    <ClInclude Include="helpers\helpers.h" />
    <ClInclude Include="hook_functions\projectile_system\unit_projectiles\Perfect_Strike.h" />
    <ClInclude Include="hook_functions\projectile_system\unit_projectiles\Excellia.h" />
    <ClInclude Include="hook_functions\projectile_system\unit_projectiles\Dark_Hound.h" />
    <ClInclude Include="hook_functions\projectile_system\unit_projectiles\Heine_Destiny.h" />
    <ClInclude Include="hook_functions\projectile_system\unit_projectiles\test.h" />
    <ClInclude Include="hook_functions\projectile_system\unit_projectiles\Zabanya.h" />
    <ClInclude Include="hook_functions\projectile_system\unit_projectiles\age_fx.h" />
    <ClInclude Include="hook_functions\projectile_system\unit_projectiles\AKATSUKI.h" />
    <ClInclude Include="hook_functions\projectile_system\unit_projectiles\Age-1.h" />
    <ClInclude Include="hook_functions\projectile_system\unit_projectiles\Age-3.h" />
    <ClInclude Include="hook_functions\projectile_system\unit_projectiles\Astray_Red_Frame_Custom.h" />
    <ClInclude Include="hook_functions\projectile_system\unit_projectiles\Double_X.h" />
    <ClInclude Include="hook_functions\projectile_system\unit_projectiles\Full_Armor_Gundam.h" />
    <ClInclude Include="hook_functions\projectile_system\unit_projectiles\Gato_Gelgoog.h" />
    <ClInclude Include="hook_functions\projectile_system\unit_projectiles\Hyperion.h" />
    <ClInclude Include="hook_functions\projectile_system\unit_projectiles\Infinite_Justice_Lacus.h" />
    <ClInclude Include="hook_functions\projectile_system\unit_projectiles\Kampfer.h" />
    <ClInclude Include="hook_functions\projectile_system\unit_projectiles\Kimaris_Tropper.h" />
    <ClInclude Include="hook_functions\projectile_system\unit_projectiles\Leos_II_Vs.h" />
    <ClInclude Include="hook_functions\projectile_system\unit_projectiles\Marasai.h" />
    <ClInclude Include="hook_functions\projectile_system\unit_projectiles\Phantom.h" />
    <ClInclude Include="hook_functions\projectile_system\unit_projectiles\age-2.h" />
  </ItemGroup>
</Project>